
Microsoft Visual Studio Solution File, Format Version 12.00
# Visual Studio 15
VisualStudioVersion = 15.0.28010.2050
MinimumVisualStudioVersion = 10.0.40219.1
Project("{8BC9CEB8-8B4A-11D0-8D11-00A0C91BC942}") = "AlphaTree", "AlphaTree\AlphaTree.vcxproj", "{B98E1FC7-A41F-4DC7-B080-129F12B4F103}"
EndProject
Global
	GlobalSection(SolutionConfigurationPlatforms) = preSolution
		Debug|x64 = Debug|x64
		Debug|x86 = Debug|x86
		Release|x64 = Release|x64
		Release|x86 = Release|x86
	EndGlobalSection
	GlobalSection(ProjectConfigurationPlatforms) = postSolution
		{B98E1FC7-A41F-4DC7-B080-129F12B4F103}.Debug|x64.ActiveCfg = Debug|x64
		{B98E1FC7-A41F-4DC7-B080-129F12B4F103}.Debug|x64.Build.0 = Debug|x64
		{B98E1FC7-A41F-4DC7-B080-129F12B4F103}.Debug|x86.ActiveCfg = Debug|Win32
		{B98E1FC7-A41F-4DC7-B080-129F12B4F103}.Debug|x86.Build.0 = Debug|Win32
		{B98E1FC7-A41F-4DC7-B080-129F12B4F103}.Release|x64.ActiveCfg = Release|x64
		{B98E1FC7-A41F-4DC7-B080-129F12B4F103}.Release|x64.Build.0 = Release|x64
		{B98E1FC7-A41F-4DC7-B080-129F12B4F103}.Release|x86.ActiveCfg = Release|Win32
		{B98E1FC7-A41F-4DC7-B080-129F12B4F103}.Release|x86.Build.0 = Release|Win32
	EndGlobalSection
	GlobalSection(SolutionProperties) = preSolution
		HideSolutionNode = FALSE
	EndGlobalSection
	GlobalSection(ExtensibilityGlobals) = postSolution
		SolutionGuid = {82050227-42CC-4BDF-AE01-DD8E7DCA74B5}
	EndGlobalSection
EndGlobal
